
Microsoft Visual Studio Solution File, Format Version 12.00
# Visual Studio Version 16
VisualStudioVersion = 16.0.30011.22
MinimumVisualStudioVersion = 10.0.40219.1
Project("{FAE04EC0-301F-11D3-BF4B-00C04F79EFBC}") = "Bai03", "Bai03\Bai03.csproj", "{3925ABB3-AC87-499C-938D-121EFCC75EDA}"
EndProject
Global
	GlobalSection(SolutionConfigurationPlatforms) = preSolution
		Debug|Any CPU = Debug|Any CPU
		Release|Any CPU = Release|Any CPU
	EndGlobalSection
	GlobalSection(ProjectConfigurationPlatforms) = postSolution
		{3925ABB3-AC87-499C-938D-121EFCC75EDA}.Debug|Any CPU.ActiveCfg = Debug|Any CPU
		{3925ABB3-AC87-499C-938D-121EFCC75EDA}.Debug|Any CPU.Build.0 = Debug|Any CPU
		{3925ABB3-AC87-499C-938D-121EFCC75EDA}.Release|Any CPU.ActiveCfg = Release|Any CPU
		{3925ABB3-AC87-499C-938D-121EFCC75EDA}.Release|Any CPU.Build.0 = Release|Any CPU
	EndGlobalSection
	GlobalSection(SolutionProperties) = preSolution
		HideSolutionNode = FALSE
	EndGlobalSection
	GlobalSection(ExtensibilityGlobals) = postSolution
		SolutionGuid = {6701D9CE-7364-4D29-A838-8B8339435D4A}
	EndGlobalSection
EndGlobal
